{
  "requires": true,
  "lockfileVersion": 1,
  "dependencies": {
    "@vee-validate/rules": {
      "version": "4.4.7",
      "resolved": "https://registry.npmjs.org/@vee-validate/rules/-/rules-4.4.7.tgz",
      "integrity": "sha512-2gBXOBWdGFVp//OzG7LcfLz1qzQxKIOmGsUE/G0TaF0z6n3P7EWQT+LZs+/jHRFrF4Bug6O4bvQz7pAQq5Yehw=="
    }
  }
}
