{
  "requires": true,
  "lockfileVersion": 1,
  "dependencies": {
    "@types/marked": {
      "version": "3.0.1",
      "resolved": "https://registry.npmjs.org/@types/marked/-/marked-3.0.1.tgz",
      "integrity": "sha512-jry/WUAC511P2NBCeiCkfTRCN2VXobeeQa8p8gImOYsRfnuIVfeEsqOJ1pk+CzCwfMCdv3dkTQRCYaNkkFGtxw=="
    },
    "@vee-validate/rules": {
      "version": "4.4.7",
      "resolved": "https://registry.npmjs.org/@vee-validate/rules/-/rules-4.4.7.tgz",
      "integrity": "sha512-2gBXOBWdGFVp//OzG7LcfLz1qzQxKIOmGsUE/G0TaF0z6n3P7EWQT+LZs+/jHRFrF4Bug6O4bvQz7pAQq5Yehw=="
    },
    "dompurify": {
      "version": "2.3.3",
      "resolved": "https://registry.npmjs.org/dompurify/-/dompurify-2.3.3.tgz",
      "integrity": "sha512-dqnqRkPMAjOZE0FogZ+ceJNM2dZ3V/yNOuFB7+39qpO93hHhfRpHw3heYQC7DPK9FqbQTfBKUJhiSfz4MvXYwg=="
    }
  }
}
